
Microsoft Visual Studio Solution File, Format Version 12.00
# Visual Studio Version 16
VisualStudioVersion = 16.0.31205.134
MinimumVisualStudioVersion = 10.0.40219.1
Project("{FAE04EC0-301F-11D3-BF4B-00C04F79EFBC}") = "CookiesNSession", "CookiesNSession.csproj", "{14DD1C6E-D47F-44DC-AA5E-C094152DC64A}"
EndProject
Global
	GlobalSection(SolutionConfigurationPlatforms) = preSolution
		Debug|Any CPU = Debug|Any CPU
		Release|Any CPU = Release|Any CPU
	EndGlobalSection
	GlobalSection(ProjectConfigurationPlatforms) = postSolution
		{14DD1C6E-D47F-44DC-AA5E-C094152DC64A}.Debug|Any CPU.ActiveCfg = Debug|Any CPU
		{14DD1C6E-D47F-44DC-AA5E-C094152DC64A}.Debug|Any CPU.Build.0 = Debug|Any CPU
		{14DD1C6E-D47F-44DC-AA5E-C094152DC64A}.Release|Any CPU.ActiveCfg = Release|Any CPU
		{14DD1C6E-D47F-44DC-AA5E-C094152DC64A}.Release|Any CPU.Build.0 = Release|Any CPU
	EndGlobalSection
	GlobalSection(SolutionProperties) = preSolution
		HideSolutionNode = FALSE
	EndGlobalSection
	GlobalSection(ExtensibilityGlobals) = postSolution
		SolutionGuid = {E8C5038C-F70D-49F3-B824-35C9B3104CA5}
	EndGlobalSection
EndGlobal
